// !$*UTF8*$!
{
	archiveVersion = 1;
	classes = {
	};
	objectVersion = 46;
	objects = {

/* Begin PBXBuildFile section */
		E90DEC411DCE49FC00200571 /* AppDelegate.swift in Sources */ = {isa = PBXBuildFile; fileRef = E90DEC401DCE49FC00200571 /* AppDelegate.swift */; };
		E90DEC431DCE49FC00200571 /* ViewController.swift in Sources */ = {isa = PBXBuildFile; fileRef = E90DEC421DCE49FC00200571 /* ViewController.swift */; };
		E90DEC461DCE49FC00200571 /* Main.storyboard in Resources */ = {isa = PBXBuildFile; fileRef = E90DEC441DCE49FC00200571 /* Main.storyboard */; };
		E90DEC481DCE49FC00200571 /* Assets.xcassets in Resources */ = {isa = PBXBuildFile; fileRef = E90DEC471DCE49FC00200571 /* Assets.xcassets */; };
		E90DEC4B1DCE49FC00200571 /* LaunchScreen.storyboard in Resources */ = {isa = PBXBuildFile; fileRef = E90DEC491DCE49FC00200571 /* LaunchScreen.storyboard */; };
/* End PBXBuildFile section */

/* Begin PBXFileReference section */
		E90DEC3D1DCE49FC00200571 /* Target Hitter.app */ = {isa = PBXFileReference; explicitFileType = wrapper.application; includeInIndex = 0; path = "Target Hitter.app"; sourceTree = BUILT_PRODUCTS_DIR; };
		E90DEC401DCE49FC00200571 /* AppDelegate.swift */ = {isa = PBXFileReference; lastKnownFileType = sourcecode.swift; path = AppDelegate.swift; sourceTree = "<group>"; };
		E90DEC421DCE49FC00200571 /* ViewController.swift */ = {isa = PBXFileReference; lastKnownFileType = sourcecode.swift; path = ViewController.swift; sourceTree = "<group>"; };
		E90DEC451DCE49FC00200571 /* Base */ = {isa = PBXFileReference; lastKnownFileType = file.storyboard; name = Base; path = Base.lproj/Main.storyboard; sourceTree = "<group>"; };
		E90DEC471DCE49FC00200571 /* Assets.xcassets */ = {isa = PBXFileReference; lastKnownFileType = folder.assetcatalog; path = Assets.xcassets; sourceTree = "<group>"; };
		E90DEC4A1DCE49FC00200571 /* Base */ = {isa = PBXFileReference; lastKnownFileType = file.storyboard; name = Base; path = Base.lproj/LaunchScreen.storyboard; sourceTree = "<group>"; };
		E90DEC4C1DCE49FC00200571 /* Info.plist */ = {isa = PBXFileReference; lastKnownFileType = text.plist.xml; path = Info.plist; sourceTree = "<group>"; };
/* End PBXFileReference section */

/* Begin PBXFrameworksBuildPhase section */
		E90DEC3A1DCE49FC00200571 /* Frameworks */ = {
			isa = PBXFrameworksBuildPhase;
			buildActionMask = 2147483647;
			files = (
			);
			runOnlyForDeploymentPostprocessing = 0;
		};
/* End PBXFrameworksBuildPhase section */

/* Begin PBXGroup section */
		E90DEC341DCE49FC00200571 = {
			isa = PBXGroup;
			children = (
				E90DEC3F1DCE49FC00200571 /* Target Hitter */,
				E90DEC3E1DCE49FC00200571 /* Products */,
			);
			sourceTree = "<group>";
		};
		E90DEC3E1DCE49FC00200571 /* Products */ = {
			isa = PBXGroup;
			children = (
				E90DEC3D1DCE49FC00200571 /* Target Hitter.app */,
			);
			name = Products;
			sourceTree = "<group>";
		};
		E90DEC3F1DCE49FC00200571 /* Target Hitter */ = {
			isa = PBXGroup;
			children = (
				E90DEC401DCE49FC00200571 /* AppDelegate.swift */,
				E90DEC421DCE49FC00200571 /* ViewController.swift */,
				E90DEC441DCE49FC00200571 /* Main.storyboard */,
				E90DEC471DCE49FC00200571 /* Assets.xcassets */,
				E90DEC491DCE49FC00200571 /* LaunchScreen.storyboard */,
				E90DEC4C1DCE49FC00200571 /* Info.plist */,
			);
			path = "Target Hitter";
			sourceTree = "<group>";
		};
/* End PBXGroup section */

/* Begin PBXNativeTarget section */
		E90DEC3C1DCE49FC00200571 /* Target Hitter */ = {
			isa = PBXNativeTarget;
			buildConfigurationList = E90DEC4F1DCE49FC00200571 /* Build configuration list for PBXNativeTarget "Target Hitter" */;
			buildPhases = (
				E90DEC391DCE49FC00200571 /* Sources */,
				E90DEC3A1DCE49FC00200571 /* Frameworks */,
				E90DEC3B1DCE49FC00200571 /* Resources */,
			);
			buildRules = (
			);
			dependencies = (
			);
			name = "Target Hitter";
			productName = "Target Hitter";
			productReference = E90DEC3D1DCE49FC00200571 /* Target Hitter.app */;
			productType = "com.apple.product-type.application";
		};
/* End PBXNativeTarget section */

/* Begin PBXProject section */
		E90DEC351DCE49FC00200571 /* Project object */ = {
			isa = PBXProject;
			attributes = {
				LastSwiftUpdateCheck = 0800;
				LastUpgradeCheck = 0800;
				ORGANIZATIONNAME = atmollohan;
				TargetAttributes = {
					E90DEC3C1DCE49FC00200571 = {
						CreatedOnToolsVersion = 8.0;
						ProvisioningStyle = Automatic;
					};
				};
			};
			buildConfigurationList = E90DEC381DCE49FC00200571 /* Build configuration list for PBXProject "Target Hitter" */;
			compatibilityVersion = "Xcode 3.2";
			developmentRegion = English;
			hasScannedForEncodings = 0;
			knownRegions = (
				en,
				Base,
			);
			mainGroup = E90DEC341DCE49FC00200571;
			productRefGroup = E90DEC3E1DCE49FC00200571 /* Products */;
			projectDirPath = "";
			projectRoot = "";
			targets = (
				E90DEC3C1DCE49FC00200571 /* Target Hitter */,
			);
		};
/* End PBXProject section */

/* Begin PBXResourcesBuildPhase section */
		E90DEC3B1DCE49FC00200571 /* Resources */ = {
			isa = PBXResourcesBuildPhase;
			buildActionMask = 2147483647;
			files = (
				E90DEC4B1DCE49FC00200571 /* LaunchScreen.storyboard in Resources */,
				E90DEC481DCE49FC00200571 /* Assets.xcassets in Resources */,
				E90DEC461DCE49FC00200571 /* Main.storyboard in Resources */,
			);
			runOnlyForDeploymentPostprocessing = 0;
		};
/* End PBXResourcesBuildPhase section */

/* Begin PBXSourcesBuildPhase section */
		E90DEC391DCE49FC00200571 /* Sources */ = {
			isa = PBXSourcesBuildPhase;
			buildActionMask = 2147483647;
			files = (
				E90DEC431DCE49FC00200571 /* ViewController.swift in Sources */,
				E90DEC411DCE49FC00200571 /* AppDelegate.swift in Sources */,
			);
			runOnlyForDeploymentPostprocessing = 0;
		};
/* End PBXSourcesBuildPhase section */

/* Begin PBXVariantGroup section */
		E90DEC441DCE49FC00200571 /* Main.storyboard */ = {
			isa = PBXVariantGroup;
			children = (
				E90DEC451DCE49FC00200571 /* Base */,
			);
			name = Main.storyboard;
			sourceTree = "<group>";
		};
		E90DEC491DCE49FC00200571 /* LaunchScreen.storyboard */ = {
			isa = PBXVariantGroup;
			children = (
				E90DEC4A1DCE49FC00200571 /* Base */,
			);
			name = LaunchScreen.storyboard;
			sourceTree = "<group>";
		};
/* End PBXVariantGroup section */

/* Begin XCBuildConfiguration section */
		E90DEC4D1DCE49FC00200571 /* Debug */ = {
			isa = XCBuildConfiguration;
			buildSettings = {
				ALWAYS_SEARCH_USER_PATHS = NO;
				CLANG_ANALYZER_NONNULL = YES;
				CLANG_CXX_LANGUAGE_STANDARD = "gnu++0x";
				CLANG_CXX_LIBRARY = "libc++";
				CLANG_ENABLE_MODULES = YES;
				CLANG_ENABLE_OBJC_ARC = YES;
				CLANG_WARN_BOOL_CONVERSION = YES;
				CLANG_WARN_CONSTANT_CONVERSION = YES;
				CLANG_WARN_DIRECT_OBJC_ISA_USAGE = YES_ERROR;
				CLANG_WARN_DOCUMENTATION_COMMENTS = YES;
				CLANG_WARN_EMPTY_BODY = YES;
				CLANG_WARN_ENUM_CONVERSION = YES;
				CLANG_WARN_INFINITE_RECURSION = YES;
				CLANG_WARN_INT_CONVERSION = YES;
				CLANG_WARN_OBJC_ROOT_CLASS = YES_ERROR;
				CLANG_WARN_SUSPICIOUS_MOVES = YES;
				CLANG_WARN_UNREACHABLE_CODE = YES;
				CLANG_WARN__DUPLICATE_METHOD_MATCH = YES;
				"CODE_SIGN_IDENTITY[sdk=iphoneos*]" = "iPhone Developer";
				COPY_PHASE_STRIP = NO;
				DEBUG_INFORMATION_FORMAT = dwarf;
				ENABLE_STRICT_OBJC_MSGSEND = YES;
				ENABLE_TESTABILITY = YES;
				GCC_C_LANGUAGE_STANDARD = gnu99;
				GCC_DYNAMIC_NO_PIC = NO;
				GCC_NO_COMMON_BLOCKS = YES;
				GCC_OPTIMIZATION_LEVEL = 0;
				GCC_PREPROCESSOR_DEFINITIONS = (
					"DEBUG=1",
					"$(inherited)",
				);
				GCC_WARN_64_TO_32_BIT_CONVERSION = YES;
				GCC_WARN_ABOUT_RETURN_TYPE = YES_ERROR;
				GCC_WARN_UNDECLARED_SELECTOR = YES;
				GCC_WARN_UNINITIALIZED_AUTOS = YES_AGGRESSIVE;
				GCC_WARN_UNUSED_FUNCTION = YES;
				GCC_WARN_UNUSED_VARIABLE = YES;
				IPHONEOS_DEPLOYMENT_TARGET = 10.0;
				MTL_ENABLE_DEBUG_INFO = YES;
				ONLY_ACTIVE_ARCH = YES;
				SDKROOT = iphoneos;
				SWIFT_ACTIVE_COMPILATION_CONDITIONS = DEBUG;
				SWIFT_OPTIMIZATION_LEVEL = "-Onone";
			};
			name = Debug;
		};
		E90DEC4E1DCE49FC00200571 /* Release */ = {
			isa = XCBuildConfiguration;
			buildSettings = {
				ALWAYS_SEARCH_USER_PATHS = NO;
				CLANG_ANALYZER_NONNULL = YES;
				CLANG_CXX_LANGUAGE_STANDARD = "gnu++0x";
				CLANG_CXX_LIBRARY = "libc++";
				CLANG_ENABLE_MODULES = YES;
				CLANG_ENABLE_OBJC_ARC = YES;
				CLANG_WARN_BOOL_CONVERSION = YES;
				CLANG_WARN_CONSTANT_CONVERSION = YES;
				CLANG_WARN_DIRECT_OBJC_ISA_USAGE = YES_ERROR;
				CLANG_WARN_DOCUMENTATION_COMMENTS = YES;
				CLANG_WARN_EMPTY_BODY = YES;
				CLANG_WARN_ENUM_CONVERSION = YES;
				CLANG_WARN_INFINITE_RECURSION = YES;
				CLANG_WARN_INT_CONVERSION = YES;
				CLANG_WARN_OBJC_ROOT_CLASS = YES_ERROR;
				CLANG_WARN_SUSPICIOUS_MOVES = YES;
				CLANG_WARN_UNREACHABLE_CODE = YES;
				CLANG_WARN__DUPLICATE_METHOD_MATCH = YES;
				"CODE_SIGN_IDENTITY[sdk=iphoneos*]" = "iPhone Developer";
				COPY_PHASE_STRIP = NO;
				DEBUG_INFORMATION_FORMAT = "dwarf-with-dsym";
				ENABLE_NS_ASSERTIONS = NO;
				ENABLE_STRICT_OBJC_MSGSEND = YES;
				GCC_C_LANGUAGE_STANDARD = gnu99;
				GCC_NO_COMMON_BLOCKS = YES;
				GCC_WARN_64_TO_32_BIT_CONVERSION = YES;
				GCC_WARN_ABOUT_RETURN_TYPE = YES_ERROR;
				GCC_WARN_UNDECLARED_SELECTOR = YES;
				GCC_WARN_UNINITIALIZED_AUTOS = YES_AGGRESSIVE;
				GCC_WARN_UNUSED_FUNCTION = YES;
				GCC_WARN_UNUSED_VARIABLE = YES;
				IPHONEOS_DEPLOYMENT_TARGET = 10.0;
				MTL_ENABLE_DEBUG_INFO = NO;
				SDKROOT = iphoneos;
				SWIFT_OPTIMIZATION_LEVEL = "-Owholemodule";
				VALIDATE_PRODUCT = YES;
			};
			name = Release;
		};
		E90DEC501DCE49FC00200571 /* Debug */ = {
			isa = XCBuildConfiguration;
			buildSettings = {
				ASSETCATALOG_COMPILER_APPICON_NAME = AppIcon;
				INFOPLIST_FILE = "Target Hitter/Info.plist";
				LD_RUNPATH_SEARCH_PATHS = "$(inherited) @executable_path/Frameworks";
				PRODUCT_BUNDLE_IDENTIFIER = "-608.Target-Hitter";
				PRODUCT_NAME = "$(TARGET_NAME)";
				SWIFT_VERSION = 3.0;
			};
			name = Debug;
		};
		E90DEC511DCE49FC00200571 /* Release */ = {
			isa = XCBuildConfiguration;
			buildSettings = {
				ASSETCATALOG_COMPILER_APPICON_NAME = AppIcon;
				INFOPLIST_FILE = "Target Hitter/Info.plist";
				LD_RUNPATH_SEARCH_PATHS = "$(inherited) @executable_path/Frameworks";
				PRODUCT_BUNDLE_IDENTIFIER = "-608.Target-Hitter";
				PRODUCT_NAME = "$(TARGET_NAME)";
				SWIFT_VERSION = 3.0;
			};
			name = Release;
		};
/* End XCBuildConfiguration section */

/* Begin XCConfigurationList section */
		E90DEC381DCE49FC00200571 /* Build configuration list for PBXProject "Target Hitter" */ = {
			isa = XCConfigurationList;
			buildConfigurations = (
				E90DEC4D1DCE49FC00200571 /* Debug */,
				E90DEC4E1DCE49FC00200571 /* Release */,
			);
			defaultConfigurationIsVisible = 0;
			defaultConfigurationName = Release;
		};
		E90DEC4F1DCE49FC00200571 /* Build configuration list for PBXNativeTarget "Target Hitter" */ = {
			isa = XCConfigurationList;
			buildConfigurations = (
				E90DEC501DCE49FC00200571 /* Debug */,
				E90DEC511DCE49FC00200571 /* Release */,
			);
			defaultConfigurationIsVisible = 0;
		};
/* End XCConfigurationList section */
	};
	rootObject = E90DEC351DCE49FC00200571 /* Project object */;
}
